
Microsoft Visual Studio Solution File, Format Version 12.00
# Visual Studio Version 16
VisualStudioVersion = 16.0.29519.87
MinimumVisualStudioVersion = 10.0.40219.1
Project("{9A19103F-16F7-4668-BE54-9A1E7A4F7556}") = "VFD.WebAPI", "VFD.WebAPI.csproj", "{4EF65A28-6ADF-4F81-A803-4A3D1755F453}"
EndProject
Global
	GlobalSection(SolutionConfigurationPlatforms) = preSolution
		Debug|Any CPU = Debug|Any CPU
		Release|Any CPU = Release|Any CPU
	EndGlobalSection
	GlobalSection(ProjectConfigurationPlatforms) = postSolution
		{4EF65A28-6ADF-4F81-A803-4A3D1755F453}.Debug|Any CPU.ActiveCfg = Debug|Any CPU
		{4EF65A28-6ADF-4F81-A803-4A3D1755F453}.Debug|Any CPU.Build.0 = Debug|Any CPU
		{4EF65A28-6ADF-4F81-A803-4A3D1755F453}.Release|Any CPU.ActiveCfg = Release|Any CPU
		{4EF65A28-6ADF-4F81-A803-4A3D1755F453}.Release|Any CPU.Build.0 = Release|Any CPU
	EndGlobalSection
	GlobalSection(SolutionProperties) = preSolution
		HideSolutionNode = FALSE
	EndGlobalSection
	GlobalSection(ExtensibilityGlobals) = postSolution
		SolutionGuid = {87B9C46F-B39D-45F3-88D0-36E5F0EAE285}
	EndGlobalSection
EndGlobal
